
Microsoft Visual Studio Solution File, Format Version 12.00
# Visual Studio Version 16
VisualStudioVersion = 16.0.30804.86
MinimumVisualStudioVersion = 10.0.40219.1
Project("{FAE04EC0-301F-11D3-BF4B-00C04F79EFBC}") = "CVS_ReadAndWrite12Jan21", "CVS_ReadAndWrite12Jan21\CVS_ReadAndWrite12Jan21.csproj", "{31D71B07-1F5B-489C-A4CD-53495BD0B59D}"
EndProject
Global
	GlobalSection(SolutionConfigurationPlatforms) = preSolution
		Debug|Any CPU = Debug|Any CPU
		Release|Any CPU = Release|Any CPU
	EndGlobalSection
	GlobalSection(ProjectConfigurationPlatforms) = postSolution
		{31D71B07-1F5B-489C-A4CD-53495BD0B59D}.Debug|Any CPU.ActiveCfg = Debug|Any CPU
		{31D71B07-1F5B-489C-A4CD-53495BD0B59D}.Debug|Any CPU.Build.0 = Debug|Any CPU
		{31D71B07-1F5B-489C-A4CD-53495BD0B59D}.Release|Any CPU.ActiveCfg = Release|Any CPU
		{31D71B07-1F5B-489C-A4CD-53495BD0B59D}.Release|Any CPU.Build.0 = Release|Any CPU
	EndGlobalSection
	GlobalSection(SolutionProperties) = preSolution
		HideSolutionNode = FALSE
	EndGlobalSection
	GlobalSection(ExtensibilityGlobals) = postSolution
		SolutionGuid = {C089DA0B-1DC4-4E82-8B46-AF167DEDF9A9}
	EndGlobalSection
EndGlobal
